
Microsoft Visual Studio Solution File, Format Version 12.00
# Visual Studio 2015
Project("{FAE04EC0-301F-11D3-BF4B-00C04F79EFBC}") = "Microwave", "Microwave.csproj", "{09582032-1663-6972-F336-C8F1B0594ECC}"
EndProject
Global
	GlobalSection(SolutionConfigurationPlatforms) = preSolution
		Debug|Any CPU = Debug|Any CPU
		Release|Any CPU = Release|Any CPU
	EndGlobalSection
	GlobalSection(ProjectConfigurationPlatforms) = postSolution
		{09582032-1663-6972-F336-C8F1B0594ECC}.Debug|Any CPU.ActiveCfg = Debug|Any CPU
		{09582032-1663-6972-F336-C8F1B0594ECC}.Debug|Any CPU.Build.0 = Debug|Any CPU
		{09582032-1663-6972-F336-C8F1B0594ECC}.Release|Any CPU.ActiveCfg = Release|Any CPU
		{09582032-1663-6972-F336-C8F1B0594ECC}.Release|Any CPU.Build.0 = Release|Any CPU
	EndGlobalSection
	GlobalSection(SolutionProperties) = preSolution
		HideSolutionNode = FALSE
	EndGlobalSection
EndGlobal
